format = 1
upstream_repo = "https://github.com/RMerl/asuswrt-merlin.ng.git"
upstream_sha = "6be5bc84b50ea37be7b5d4307c5042771c3cf95b"
toolchains_repo = "https://github.com/RMerl/am-toolchains.git"
toolchains_sha = "d1af80e6b6686a4edc680386c09a8361453dd5c1"
rust_toolchain = "1.85.1"
rust_target = "armv7-unknown-linux-gnueabi"
rust_target_cpu = "cortex-a9"
patched_diff_sha256 = "052036b3dfc7a42c513587a94191fd0080512147554ab5106347492ad5a1efbd"
