format = 1
upstream_repo = "https://github.com/RMerl/asuswrt-merlin.ng.git"
upstream_sha = "088512a1296e361d65e5429e7d8d61ef3fdf4c86"
toolchains_repo = "https://github.com/RMerl/am-toolchains.git"
toolchains_sha = "d1af80e6b6686a4edc680386c09a8361453dd5c1"
rust_toolchain = "1.85.1"
rust_target = "armv7-unknown-linux-gnueabi"
rust_target_cpu = "cortex-a9"
patched_diff_sha256 = "ba1e264b9ff7c45bbc5f80389047bab151f177e55019b54daae41cd64da6e972"
