format = 1
upstream_repo = "https://github.com/RMerl/asuswrt-merlin.ng.git"
upstream_sha = "6be5bc84b50ea37be7b5d4307c5042771c3cf95b"
toolchains_repo = "https://github.com/RMerl/am-toolchains.git"
toolchains_sha = "d1af80e6b6686a4edc680386c09a8361453dd5c1"
rust_toolchain = "1.85.1"
rust_target = "armv7-unknown-linux-gnueabi"
rust_target_cpu = "cortex-a9"
patched_diff_sha256 = "5c02e6b4f5d849f680b95c530015ff3b59bb833b75676b64c333c513ffa7354a"
