# This file is automatically @generated by Cargo.
# It is not intended for manual editing.
version = 4

[[package]]
name = "httpd-parsers"
version = "0.1.0"
dependencies = [
 "router-policy",
]

[[package]]
name = "infosvr"
version = "0.1.0"

[[package]]
name = "nt-event"
version = "0.1.0"

[[package]]
name = "router-fuzz"
version = "0.1.0"
dependencies = [
 "httpd-parsers",
 "infosvr",
 "router-policy",
 "rstats",
 "wanduck-transition",
]

[[package]]
name = "router-policy"
version = "0.1.0"

[[package]]
name = "router-security"
version = "0.1.0"
dependencies = [
 "router-policy",
]

[[package]]
name = "rstats"
version = "0.1.0"

[[package]]
name = "wanduck-transition"
version = "0.1.0"
