# This file is automatically @generated by Cargo.
# It is not intended for manual editing.
version = 4

[[package]]
name = "bwdpi-compat"
version = "0.1.0"

[[package]]
name = "httpd-parsers"
version = "0.1.0"
dependencies = [
 "router-policy",
]

[[package]]
name = "infosvr"
version = "0.1.0"

[[package]]
name = "libc"
version = "0.2.189"
source = "registry+https://github.com/rust-lang/crates.io-index"
checksum = "3eaf3ede3fee6db1a4c2ee091bf8a8b4dccdc6d17f656fb07896ee72867612f2"

[[package]]
name = "libz-rs-sys"
version = "0.6.7"
source = "registry+https://github.com/rust-lang/crates.io-index"
checksum = "03dcace986b149f29509af6ca70e6182bccce916b644424ecf484faa8ddc899a"
dependencies = [
 "libc",
 "zlib-rs",
]

[[package]]
name = "nt-event"
version = "0.1.0"

[[package]]
name = "router-fuzz"
version = "0.1.0"
dependencies = [
 "httpd-parsers",
 "infosvr",
 "router-policy",
 "rstats",
 "wanduck-transition",
]

[[package]]
name = "router-policy"
version = "0.1.0"

[[package]]
name = "router-security"
version = "0.1.0"
dependencies = [
 "router-policy",
]

[[package]]
name = "router-vpn-audit"
version = "0.1.0"
dependencies = [
 "router-policy",
]

[[package]]
name = "rstats"
version = "0.1.0"

[[package]]
name = "wanduck-transition"
version = "0.1.0"

[[package]]
name = "zlib-rs"
version = "0.6.7"
source = "registry+https://github.com/rust-lang/crates.io-index"
checksum = "34b31d188d9d685a4f9c7b46d6e36631b07058d2cfe190267adce54dc230bf12"

[[package]]
name = "zlib-static"
version = "0.1.0"
dependencies = [
 "libz-rs-sys",
]
